
Microsoft Visual Studio Solution File, Format Version 9.00
# Visual Studio 2005
Project("{8BC9CEB8-8B4A-11D0-8D11-00A0C91BC942}") = "sldg", "sldg.vcproj", "{4C3EB843-9564-4F18-9E78-42E7462E223E}"
EndProject
Global
	GlobalSection(SolutionConfigurationPlatforms) = preSolution
		Debug|Win32 = Debug|Win32
		Release|Win32 = Release|Win32
	EndGlobalSection
	GlobalSection(ProjectConfigurationPlatforms) = postSolution
		{4C3EB843-9564-4F18-9E78-42E7462E223E}.Debug|Win32.ActiveCfg = Debug|Win32
		{4C3EB843-9564-4F18-9E78-42E7462E223E}.Debug|Win32.Build.0 = Debug|Win32
		{4C3EB843-9564-4F18-9E78-42E7462E223E}.Release|Win32.ActiveCfg = Release|Win32
		{4C3EB843-9564-4F18-9E78-42E7462E223E}.Release|Win32.Build.0 = Release|Win32
	EndGlobalSection
	GlobalSection(SolutionProperties) = preSolution
		HideSolutionNode = FALSE
	EndGlobalSection
EndGlobal
