
Microsoft Visual Studio Solution File, Format Version 9.00
# Visual Studio 2005
Project("{FAE04EC0-301F-11D3-BF4B-00C04F79EFBC}") = "bnl", "bnl.csproj", "{1DD05E95-D7C3-49A7-BE06-536FC3915EF2}"
	ProjectSection(WebsiteProperties) = preProject
		Debug.AspNetCompiler.Debug = "True"
		Release.AspNetCompiler.Debug = "False"
	EndProjectSection
EndProject
Global
	GlobalSection(SolutionConfigurationPlatforms) = preSolution
		Debug|Any CPU = Debug|Any CPU
		Release|Any CPU = Release|Any CPU
	EndGlobalSection
	GlobalSection(ProjectConfigurationPlatforms) = postSolution
		{1DD05E95-D7C3-49A7-BE06-536FC3915EF2}.Debug|Any CPU.ActiveCfg = Debug|Any CPU
		{1DD05E95-D7C3-49A7-BE06-536FC3915EF2}.Debug|Any CPU.Build.0 = Debug|Any CPU
		{1DD05E95-D7C3-49A7-BE06-536FC3915EF2}.Release|Any CPU.ActiveCfg = Release|Any CPU
		{1DD05E95-D7C3-49A7-BE06-536FC3915EF2}.Release|Any CPU.Build.0 = Release|Any CPU
	EndGlobalSection
	GlobalSection(SolutionProperties) = preSolution
		HideSolutionNode = FALSE
	EndGlobalSection
EndGlobal
